
Microsoft Visual Studio Solution File, Format Version 12.00
# Visual Studio Version 17
VisualStudioVersion = 17.0.31903.59
MinimumVisualStudioVersion = 10.0.40219.1
Project("{FAE04EC0-301F-11D3-BF4B-00C04F79EFBC}") = "TaskFlow.API", "TaskFlow.API\TaskFlow.API.csproj", "{42279656-0376-4CD2-8297-B526D11D0C72}"
EndProject
Project("{FAE04EC0-301F-11D3-BF4B-00C04F79EFBC}") = "TaskFlow.Application", "TaskFlow.Application\TaskFlow.Application.csproj", "{40479784-416E-4B9A-BF94-AF256427590A}"
EndProject
Project("{FAE04EC0-301F-11D3-BF4B-00C04F79EFBC}") = "TaskFlow.Domain", "TaskFlow.Domain\TaskFlow.Domain.csproj", "{3D69C19E-671E-4E8B-8BAF-B3C12F8A34FA}"
EndProject
Project("{FAE04EC0-301F-11D3-BF4B-00C04F79EFBC}") = "TaskFlow.Infrastructure", "TaskFlow.Infrastructure\TaskFlow.Infrastructure.csproj", "{07B02096-15D1-4E2F-8125-A75BF220B380}"
EndProject
Project("{2150E333-8FDC-42A3-9474-1A3956D46DE8}") = "Solution Items", "Solution Items", "{8EC462FD-D22E-90A8-E5CE-7E832BA40C5D}"
	ProjectSection(SolutionItems) = preProject
		README.md = README.md
	EndProjectSection
EndProject
Global
	GlobalSection(SolutionConfigurationPlatforms) = preSolution
		Debug|Any CPU = Debug|Any CPU
		Debug|x64 = Debug|x64
		Debug|x86 = Debug|x86
		Release|Any CPU = Release|Any CPU
		Release|x64 = Release|x64
		Release|x86 = Release|x86
	EndGlobalSection
	GlobalSection(ProjectConfigurationPlatforms) = postSolution
		{42279656-0376-4CD2-8297-B526D11D0C72}.Debug|Any CPU.ActiveCfg = Debug|Any CPU
		{42279656-0376-4CD2-8297-B526D11D0C72}.Debug|Any CPU.Build.0 = Debug|Any CPU
		{42279656-0376-4CD2-8297-B526D11D0C72}.Debug|x64.ActiveCfg = Debug|Any CPU
		{42279656-0376-4CD2-8297-B526D11D0C72}.Debug|x64.Build.0 = Debug|Any CPU
		{42279656-0376-4CD2-8297-B526D11D0C72}.Debug|x86.ActiveCfg = Debug|Any CPU
		{42279656-0376-4CD2-8297-B526D11D0C72}.Debug|x86.Build.0 = Debug|Any CPU
		{42279656-0376-4CD2-8297-B526D11D0C72}.Release|Any CPU.ActiveCfg = Release|Any CPU
		{42279656-0376-4CD2-8297-B526D11D0C72}.Release|Any CPU.Build.0 = Release|Any CPU
		{42279656-0376-4CD2-8297-B526D11D0C72}.Release|x64.ActiveCfg = Release|Any CPU
		{42279656-0376-4CD2-8297-B526D11D0C72}.Release|x64.Build.0 = Release|Any CPU
		{42279656-0376-4CD2-8297-B526D11D0C72}.Release|x86.ActiveCfg = Release|Any CPU
		{42279656-0376-4CD2-8297-B526D11D0C72}.Release|x86.Build.0 = Release|Any CPU
		{40479784-416E-4B9A-BF94-AF256427590A}.Debug|Any CPU.ActiveCfg = Debug|Any CPU
		{40479784-416E-4B9A-BF94-AF256427590A}.Debug|Any CPU.Build.0 = Debug|Any CPU
		{40479784-416E-4B9A-BF94-AF256427590A}.Debug|x64.ActiveCfg = Debug|Any CPU
		{40479784-416E-4B9A-BF94-AF256427590A}.Debug|x64.Build.0 = Debug|Any CPU
		{40479784-416E-4B9A-BF94-AF256427590A}.Debug|x86.ActiveCfg = Debug|Any CPU
		{40479784-416E-4B9A-BF94-AF256427590A}.Debug|x86.Build.0 = Debug|Any CPU
		{40479784-416E-4B9A-BF94-AF256427590A}.Release|Any CPU.ActiveCfg = Release|Any CPU
		{40479784-416E-4B9A-BF94-AF256427590A}.Release|Any CPU.Build.0 = Release|Any CPU
		{40479784-416E-4B9A-BF94-AF256427590A}.Release|x64.ActiveCfg = Release|Any CPU
		{40479784-416E-4B9A-BF94-AF256427590A}.Release|x64.Build.0 = Release|Any CPU
		{40479784-416E-4B9A-BF94-AF256427590A}.Release|x86.ActiveCfg = Release|Any CPU
		{40479784-416E-4B9A-BF94-AF256427590A}.Release|x86.Build.0 = Release|Any CPU
		{3D69C19E-671E-4E8B-8BAF-B3C12F8A34FA}.Debug|Any CPU.ActiveCfg = Debug|Any CPU
		{3D69C19E-671E-4E8B-8BAF-B3C12F8A34FA}.Debug|Any CPU.Build.0 = Debug|Any CPU
		{3D69C19E-671E-4E8B-8BAF-B3C12F8A34FA}.Debug|x64.ActiveCfg = Debug|Any CPU
		{3D69C19E-671E-4E8B-8BAF-B3C12F8A34FA}.Debug|x64.Build.0 = Debug|Any CPU
		{3D69C19E-671E-4E8B-8BAF-B3C12F8A34FA}.Debug|x86.ActiveCfg = Debug|Any CPU
		{3D69C19E-671E-4E8B-8BAF-B3C12F8A34FA}.Debug|x86.Build.0 = Debug|Any CPU
		{3D69C19E-671E-4E8B-8BAF-B3C12F8A34FA}.Release|Any CPU.ActiveCfg = Release|Any CPU
		{3D69C19E-671E-4E8B-8BAF-B3C12F8A34FA}.Release|Any CPU.Build.0 = Release|Any CPU
		{3D69C19E-671E-4E8B-8BAF-B3C12F8A34FA}.Release|x64.ActiveCfg = Release|Any CPU
		{3D69C19E-671E-4E8B-8BAF-B3C12F8A34FA}.Release|x64.Build.0 = Release|Any CPU
		{3D69C19E-671E-4E8B-8BAF-B3C12F8A34FA}.Release|x86.ActiveCfg = Release|Any CPU
		{3D69C19E-671E-4E8B-8BAF-B3C12F8A34FA}.Release|x86.Build.0 = Release|Any CPU
		{07B02096-15D1-4E2F-8125-A75BF220B380}.Debug|Any CPU.ActiveCfg = Debug|Any CPU
		{07B02096-15D1-4E2F-8125-A75BF220B380}.Debug|Any CPU.Build.0 = Debug|Any CPU
		{07B02096-15D1-4E2F-8125-A75BF220B380}.Debug|x64.ActiveCfg = Debug|Any CPU
		{07B02096-15D1-4E2F-8125-A75BF220B380}.Debug|x64.Build.0 = Debug|Any CPU
		{07B02096-15D1-4E2F-8125-A75BF220B380}.Debug|x86.ActiveCfg = Debug|Any CPU
		{07B02096-15D1-4E2F-8125-A75BF220B380}.Debug|x86.Build.0 = Debug|Any CPU
		{07B02096-15D1-4E2F-8125-A75BF220B380}.Release|Any CPU.ActiveCfg = Release|Any CPU
		{07B02096-15D1-4E2F-8125-A75BF220B380}.Release|Any CPU.Build.0 = Release|Any CPU
		{07B02096-15D1-4E2F-8125-A75BF220B380}.Release|x64.ActiveCfg = Release|Any CPU
		{07B02096-15D1-4E2F-8125-A75BF220B380}.Release|x64.Build.0 = Release|Any CPU
		{07B02096-15D1-4E2F-8125-A75BF220B380}.Release|x86.ActiveCfg = Release|Any CPU
		{07B02096-15D1-4E2F-8125-A75BF220B380}.Release|x86.Build.0 = Release|Any CPU
	EndGlobalSection
	GlobalSection(SolutionProperties) = preSolution
		HideSolutionNode = FALSE
	EndGlobalSection
	GlobalSection(ExtensibilityGlobals) = postSolution
		SolutionGuid = {F406A313-C69D-4EE9-B6FF-34250D287C64}
	EndGlobalSection
EndGlobal
